
Microsoft Visual Studio Solution File, Format Version 12.00
# Visual Studio Version 17
VisualStudioVersion = 17.9.34728.123
MinimumVisualStudioVersion = 10.0.40219.1
Project("{FAE04EC0-301F-11D3-BF4B-00C04F79EFBC}") = "CourseWork", "CourseWork\CourseWork.csproj", "{1A3EA8C3-963E-42BF-9D02-BAEDE6CF9F4E}"
EndProject
Global
	GlobalSection(SolutionConfigurationPlatforms) = preSolution
		Debug|Any CPU = Debug|Any CPU
		Release|Any CPU = Release|Any CPU
	EndGlobalSection
	GlobalSection(ProjectConfigurationPlatforms) = postSolution
		{1A3EA8C3-963E-42BF-9D02-BAEDE6CF9F4E}.Debug|Any CPU.ActiveCfg = Debug|Any CPU
		{1A3EA8C3-963E-42BF-9D02-BAEDE6CF9F4E}.Debug|Any CPU.Build.0 = Debug|Any CPU
		{1A3EA8C3-963E-42BF-9D02-BAEDE6CF9F4E}.Release|Any CPU.ActiveCfg = Release|Any CPU
		{1A3EA8C3-963E-42BF-9D02-BAEDE6CF9F4E}.Release|Any CPU.Build.0 = Release|Any CPU
	EndGlobalSection
	GlobalSection(SolutionProperties) = preSolution
		HideSolutionNode = FALSE
	EndGlobalSection
	GlobalSection(ExtensibilityGlobals) = postSolution
		SolutionGuid = {F9025487-FAFB-4A95-995D-62C5D388940D}
	EndGlobalSection
EndGlobal
